
Microsoft Visual Studio Solution File, Format Version 12.00
# Visual Studio 2012
Project("{FAE04EC0-301F-11D3-BF4B-00C04F79EFBC}") = "ImageTest", "ImageTest\ImageTest.csproj", "{4C21F6B7-A022-4987-85F6-1C739BF4CA85}"
EndProject
Global
	GlobalSection(SolutionConfigurationPlatforms) = preSolution
		Debug|Any CPU = Debug|Any CPU
		Release|Any CPU = Release|Any CPU
	EndGlobalSection
	GlobalSection(ProjectConfigurationPlatforms) = postSolution
		{4C21F6B7-A022-4987-85F6-1C739BF4CA85}.Debug|Any CPU.ActiveCfg = Debug|Any CPU
		{4C21F6B7-A022-4987-85F6-1C739BF4CA85}.Debug|Any CPU.Build.0 = Debug|Any CPU
		{4C21F6B7-A022-4987-85F6-1C739BF4CA85}.Release|Any CPU.ActiveCfg = Release|Any CPU
		{4C21F6B7-A022-4987-85F6-1C739BF4CA85}.Release|Any CPU.Build.0 = Release|Any CPU
	EndGlobalSection
EndGlobal
